// !$*UTF8*$!
{
	archiveVersion = 1;
	classes = {
	};
	objectVersion = 46;
	objects = {

/* Begin PBXBuildFile section */
		9FBEB6C26A6D181A9933F111 /* libPods-Unity.a in Frameworks */ = {isa = PBXBuildFile; fileRef = B75E26973AF04F4F3FD5185E /* libPods-Unity.a */; };
		EC061D751E816B96004394ED /* RefreshTableView.m in Sources */ = {isa = PBXBuildFile; fileRef = EC061D741E816B96004394ED /* RefreshTableView.m */; };
		EC061D781E816D1F004394ED /* ArchiveObj.m in Sources */ = {isa = PBXBuildFile; fileRef = EC061D771E816D1F004394ED /* ArchiveObj.m */; };
		EC2E59701F4C2BF8007CF3B6 /* NSDate+Utilities.m in Sources */ = {isa = PBXBuildFile; fileRef = EC2E596F1F4C2BF8007CF3B6 /* NSDate+Utilities.m */; };
		EC36BCB01DFF819F009BB5B0 /* ToViewController.m in Sources */ = {isa = PBXBuildFile; fileRef = EC36BCAF1DFF819F009BB5B0 /* ToViewController.m */; };
		EC4186561D459A1F00F4EBB6 /* main.m in Sources */ = {isa = PBXBuildFile; fileRef = EC4186551D459A1F00F4EBB6 /* main.m */; };
		EC4186591D459A1F00F4EBB6 /* AppDelegate.m in Sources */ = {isa = PBXBuildFile; fileRef = EC4186581D459A1F00F4EBB6 /* AppDelegate.m */; };
		EC41865F1D459A1F00F4EBB6 /* Main.storyboard in Resources */ = {isa = PBXBuildFile; fileRef = EC41865D1D459A1F00F4EBB6 /* Main.storyboard */; };
		EC4186611D459A1F00F4EBB6 /* Assets.xcassets in Resources */ = {isa = PBXBuildFile; fileRef = EC4186601D459A1F00F4EBB6 /* Assets.xcassets */; };
		EC4186641D459A1F00F4EBB6 /* LaunchScreen.storyboard in Resources */ = {isa = PBXBuildFile; fileRef = EC4186621D459A1F00F4EBB6 /* LaunchScreen.storyboard */; };
		EC4186701D459BD400F4EBB6 /* UIColor+Hex.m in Sources */ = {isa = PBXBuildFile; fileRef = EC41866D1D459BD400F4EBB6 /* UIColor+Hex.m */; };
		EC4186711D459BD400F4EBB6 /* UIView+AddFunc.m in Sources */ = {isa = PBXBuildFile; fileRef = EC41866F1D459BD400F4EBB6 /* UIView+AddFunc.m */; };
		EC4186741D459D4200F4EBB6 /* Encrypt.m in Sources */ = {isa = PBXBuildFile; fileRef = EC4186731D459D4200F4EBB6 /* Encrypt.m */; };
		EC9504681E971CA00061C73F /* CustomTableViewController.m in Sources */ = {isa = PBXBuildFile; fileRef = EC9504671E971CA00061C73F /* CustomTableViewController.m */; };
		EC9D132A1E96360D0006A8E8 /* UIImageView+Scale.m in Sources */ = {isa = PBXBuildFile; fileRef = EC9D13291E96360D0006A8E8 /* UIImageView+Scale.m */; };
		EC9D132C1E963EB00006A8E8 /* 5.jpg in Resources */ = {isa = PBXBuildFile; fileRef = EC9D132B1E963EB00006A8E8 /* 5.jpg */; };
		ECAAC0D21DFEA80E004CFF36 /* TransitionManager.m in Sources */ = {isa = PBXBuildFile; fileRef = ECAAC0D11DFEA80E004CFF36 /* TransitionManager.m */; };
		ECAD41841E00D2B700C163CC /* RootViewController.m in Sources */ = {isa = PBXBuildFile; fileRef = ECAD41831E00D2B700C163CC /* RootViewController.m */; };
		ECE095061E9B51A50024FF6E /* UIAlertView+ActionBlock.m in Sources */ = {isa = PBXBuildFile; fileRef = ECE095051E9B51A50024FF6E /* UIAlertView+ActionBlock.m */; };
		ECFB07B01F4AD37400965280 /* NSDate+XExtend.m in Sources */ = {isa = PBXBuildFile; fileRef = ECFB07AF1F4AD37400965280 /* NSDate+XExtend.m */; };
		ECFB07B31F4AD38800965280 /* NSString+XExtend.m in Sources */ = {isa = PBXBuildFile; fileRef = ECFB07B21F4AD38800965280 /* NSString+XExtend.m */; };
		ECFB07BB1F4ADB1300965280 /* RegExp.m in Sources */ = {isa = PBXBuildFile; fileRef = ECFB07BA1F4ADB1300965280 /* RegExp.m */; };
		ECFB07BE1F4ADB5700965280 /* NSString+RegExp.m in Sources */ = {isa = PBXBuildFile; fileRef = ECFB07BD1F4ADB5700965280 /* NSString+RegExp.m */; };
/* End PBXBuildFile section */

/* Begin PBXFileReference section */
		5C6C4BCD174A3EB9946AB9E0 /* Pods-Unity.debug.xcconfig */ = {isa = PBXFileReference; includeInIndex = 1; lastKnownFileType = text.xcconfig; name = "Pods-Unity.debug.xcconfig"; path = "Pods/Target Support Files/Pods-Unity/Pods-Unity.debug.xcconfig"; sourceTree = "<group>"; };
		77977C18C5D674B74F6A0FB0 /* Pods-Unity.release.xcconfig */ = {isa = PBXFileReference; includeInIndex = 1; lastKnownFileType = text.xcconfig; name = "Pods-Unity.release.xcconfig"; path = "Pods/Target Support Files/Pods-Unity/Pods-Unity.release.xcconfig"; sourceTree = "<group>"; };
		B75E26973AF04F4F3FD5185E /* libPods-Unity.a */ = {isa = PBXFileReference; explicitFileType = archive.ar; includeInIndex = 0; path = "libPods-Unity.a"; sourceTree = BUILT_PRODUCTS_DIR; };
		EC061D731E816B96004394ED /* RefreshTableView.h */ = {isa = PBXFileReference; fileEncoding = 4; lastKnownFileType = sourcecode.c.h; path = RefreshTableView.h; sourceTree = "<group>"; };
		EC061D741E816B96004394ED /* RefreshTableView.m */ = {isa = PBXFileReference; fileEncoding = 4; lastKnownFileType = sourcecode.c.objc; path = RefreshTableView.m; sourceTree = "<group>"; };
		EC061D761E816D1F004394ED /* ArchiveObj.h */ = {isa = PBXFileReference; fileEncoding = 4; lastKnownFileType = sourcecode.c.h; path = ArchiveObj.h; sourceTree = "<group>"; };
		EC061D771E816D1F004394ED /* ArchiveObj.m */ = {isa = PBXFileReference; fileEncoding = 4; lastKnownFileType = sourcecode.c.objc; path = ArchiveObj.m; sourceTree = "<group>"; };
		EC2E596E1F4C2BF8007CF3B6 /* NSDate+Utilities.h */ = {isa = PBXFileReference; fileEncoding = 4; lastKnownFileType = sourcecode.c.h; path = "NSDate+Utilities.h"; sourceTree = "<group>"; };
		EC2E596F1F4C2BF8007CF3B6 /* NSDate+Utilities.m */ = {isa = PBXFileReference; fileEncoding = 4; lastKnownFileType = sourcecode.c.objc; path = "NSDate+Utilities.m"; sourceTree = "<group>"; };
		EC36BCAE1DFF819F009BB5B0 /* ToViewController.h */ = {isa = PBXFileReference; fileEncoding = 4; lastKnownFileType = sourcecode.c.h; path = ToViewController.h; sourceTree = "<group>"; };
		EC36BCAF1DFF819F009BB5B0 /* ToViewController.m */ = {isa = PBXFileReference; fileEncoding = 4; lastKnownFileType = sourcecode.c.objc; path = ToViewController.m; sourceTree = "<group>"; };
		EC4186511D459A1F00F4EBB6 /* Unity.app */ = {isa = PBXFileReference; explicitFileType = wrapper.application; includeInIndex = 0; path = Unity.app; sourceTree = BUILT_PRODUCTS_DIR; };
		EC4186551D459A1F00F4EBB6 /* main.m */ = {isa = PBXFileReference; lastKnownFileType = sourcecode.c.objc; path = main.m; sourceTree = "<group>"; };
		EC4186571D459A1F00F4EBB6 /* AppDelegate.h */ = {isa = PBXFileReference; lastKnownFileType = sourcecode.c.h; path = AppDelegate.h; sourceTree = "<group>"; };
		EC4186581D459A1F00F4EBB6 /* AppDelegate.m */ = {isa = PBXFileReference; lastKnownFileType = sourcecode.c.objc; path = AppDelegate.m; sourceTree = "<group>"; };
		EC41865E1D459A1F00F4EBB6 /* Base */ = {isa = PBXFileReference; lastKnownFileType = file.storyboard; name = Base; path = Base.lproj/Main.storyboard; sourceTree = "<group>"; };
		EC4186601D459A1F00F4EBB6 /* Assets.xcassets */ = {isa = PBXFileReference; lastKnownFileType = folder.assetcatalog; path = Assets.xcassets; sourceTree = "<group>"; };
		EC4186631D459A1F00F4EBB6 /* Base */ = {isa = PBXFileReference; lastKnownFileType = file.storyboard; name = Base; path = Base.lproj/LaunchScreen.storyboard; sourceTree = "<group>"; };
		EC4186651D459A1F00F4EBB6 /* Info.plist */ = {isa = PBXFileReference; lastKnownFileType = text.plist.xml; path = Info.plist; sourceTree = "<group>"; };
		EC41866C1D459BD400F4EBB6 /* UIColor+Hex.h */ = {isa = PBXFileReference; fileEncoding = 4; lastKnownFileType = sourcecode.c.h; path = "UIColor+Hex.h"; sourceTree = "<group>"; };
		EC41866D1D459BD400F4EBB6 /* UIColor+Hex.m */ = {isa = PBXFileReference; fileEncoding = 4; lastKnownFileType = sourcecode.c.objc; path = "UIColor+Hex.m"; sourceTree = "<group>"; };
		EC41866E1D459BD400F4EBB6 /* UIView+AddFunc.h */ = {isa = PBXFileReference; fileEncoding = 4; lastKnownFileType = sourcecode.c.h; path = "UIView+AddFunc.h"; sourceTree = "<group>"; };
		EC41866F1D459BD400F4EBB6 /* UIView+AddFunc.m */ = {isa = PBXFileReference; fileEncoding = 4; lastKnownFileType = sourcecode.c.objc; path = "UIView+AddFunc.m"; sourceTree = "<group>"; };
		EC4186721D459D4200F4EBB6 /* Encrypt.h */ = {isa = PBXFileReference; fileEncoding = 4; lastKnownFileType = sourcecode.c.h; path = Encrypt.h; sourceTree = "<group>"; };
		EC4186731D459D4200F4EBB6 /* Encrypt.m */ = {isa = PBXFileReference; fileEncoding = 4; lastKnownFileType = sourcecode.c.objc; path = Encrypt.m; sourceTree = "<group>"; };
		EC9504661E971CA00061C73F /* CustomTableViewController.h */ = {isa = PBXFileReference; fileEncoding = 4; lastKnownFileType = sourcecode.c.h; path = CustomTableViewController.h; sourceTree = "<group>"; };
		EC9504671E971CA00061C73F /* CustomTableViewController.m */ = {isa = PBXFileReference; fileEncoding = 4; lastKnownFileType = sourcecode.c.objc; path = CustomTableViewController.m; sourceTree = "<group>"; };
		EC9618CD1D582F1E00FF8F1E /* Headers.pch */ = {isa = PBXFileReference; lastKnownFileType = sourcecode.c.h; path = Headers.pch; sourceTree = "<group>"; };
		EC9866991E0140DC00A07053 /* libiconv.tbd */ = {isa = PBXFileReference; lastKnownFileType = "sourcecode.text-based-dylib-definition"; name = libiconv.tbd; path = usr/lib/libiconv.tbd; sourceTree = SDKROOT; };
		EC98669C1E01436100A07053 /* libiconv.2.dylib */ = {isa = PBXFileReference; lastKnownFileType = "compiled.mach-o.dylib"; name = libiconv.2.dylib; path = ../../../../usr/lib/libiconv.2.dylib; sourceTree = "<group>"; };
		EC9D13281E96360D0006A8E8 /* UIImageView+Scale.h */ = {isa = PBXFileReference; fileEncoding = 4; lastKnownFileType = sourcecode.c.h; path = "UIImageView+Scale.h"; sourceTree = "<group>"; };
		EC9D13291E96360D0006A8E8 /* UIImageView+Scale.m */ = {isa = PBXFileReference; fileEncoding = 4; lastKnownFileType = sourcecode.c.objc; path = "UIImageView+Scale.m"; sourceTree = "<group>"; };
		EC9D132B1E963EB00006A8E8 /* 5.jpg */ = {isa = PBXFileReference; lastKnownFileType = image.jpeg; path = 5.jpg; sourceTree = "<group>"; };
		ECAAC0D01DFEA80E004CFF36 /* TransitionManager.h */ = {isa = PBXFileReference; fileEncoding = 4; lastKnownFileType = sourcecode.c.h; path = TransitionManager.h; sourceTree = "<group>"; };
		ECAAC0D11DFEA80E004CFF36 /* TransitionManager.m */ = {isa = PBXFileReference; fileEncoding = 4; lastKnownFileType = sourcecode.c.objc; path = TransitionManager.m; sourceTree = "<group>"; };
		ECAD41821E00D2B700C163CC /* RootViewController.h */ = {isa = PBXFileReference; fileEncoding = 4; lastKnownFileType = sourcecode.c.h; path = RootViewController.h; sourceTree = "<group>"; };
		ECAD41831E00D2B700C163CC /* RootViewController.m */ = {isa = PBXFileReference; fileEncoding = 4; lastKnownFileType = sourcecode.c.objc; path = RootViewController.m; sourceTree = "<group>"; };
		ECD376111F441BF5003BED5D /* Singleton.h */ = {isa = PBXFileReference; lastKnownFileType = sourcecode.c.h; path = Singleton.h; sourceTree = "<group>"; };
		ECE095041E9B51A50024FF6E /* UIAlertView+ActionBlock.h */ = {isa = PBXFileReference; fileEncoding = 4; lastKnownFileType = sourcecode.c.h; path = "UIAlertView+ActionBlock.h"; sourceTree = "<group>"; };
		ECE095051E9B51A50024FF6E /* UIAlertView+ActionBlock.m */ = {isa = PBXFileReference; fileEncoding = 4; lastKnownFileType = sourcecode.c.objc; path = "UIAlertView+ActionBlock.m"; sourceTree = "<group>"; };
		ECFB07AE1F4AD37400965280 /* NSDate+XExtend.h */ = {isa = PBXFileReference; fileEncoding = 4; lastKnownFileType = sourcecode.c.h; path = "NSDate+XExtend.h"; sourceTree = "<group>"; };
		ECFB07AF1F4AD37400965280 /* NSDate+XExtend.m */ = {isa = PBXFileReference; fileEncoding = 4; lastKnownFileType = sourcecode.c.objc; path = "NSDate+XExtend.m"; sourceTree = "<group>"; };
		ECFB07B11F4AD38800965280 /* NSString+XExtend.h */ = {isa = PBXFileReference; fileEncoding = 4; lastKnownFileType = sourcecode.c.h; path = "NSString+XExtend.h"; sourceTree = "<group>"; };
		ECFB07B21F4AD38800965280 /* NSString+XExtend.m */ = {isa = PBXFileReference; fileEncoding = 4; lastKnownFileType = sourcecode.c.objc; path = "NSString+XExtend.m"; sourceTree = "<group>"; };
		ECFB07B91F4ADB1300965280 /* RegExp.h */ = {isa = PBXFileReference; fileEncoding = 4; lastKnownFileType = sourcecode.c.h; path = RegExp.h; sourceTree = "<group>"; };
		ECFB07BA1F4ADB1300965280 /* RegExp.m */ = {isa = PBXFileReference; fileEncoding = 4; lastKnownFileType = sourcecode.c.objc; path = RegExp.m; sourceTree = "<group>"; };
		ECFB07BC1F4ADB5700965280 /* NSString+RegExp.h */ = {isa = PBXFileReference; fileEncoding = 4; lastKnownFileType = sourcecode.c.h; path = "NSString+RegExp.h"; sourceTree = "<group>"; };
		ECFB07BD1F4ADB5700965280 /* NSString+RegExp.m */ = {isa = PBXFileReference; fileEncoding = 4; lastKnownFileType = sourcecode.c.objc; path = "NSString+RegExp.m"; sourceTree = "<group>"; };
/* End PBXFileReference section */

/* Begin PBXFrameworksBuildPhase section */
		EC41864E1D459A1F00F4EBB6 /* Frameworks */ = {
			isa = PBXFrameworksBuildPhase;
			buildActionMask = 2147483647;
			files = (
				9FBEB6C26A6D181A9933F111 /* libPods-Unity.a in Frameworks */,
			);
			runOnlyForDeploymentPostprocessing = 0;
		};
/* End PBXFrameworksBuildPhase section */

/* Begin PBXGroup section */
		D8C60BCFDC42C0EEE0409C97 /* Pods */ = {
			isa = PBXGroup;
			children = (
				5C6C4BCD174A3EB9946AB9E0 /* Pods-Unity.debug.xcconfig */,
				77977C18C5D674B74F6A0FB0 /* Pods-Unity.release.xcconfig */,
			);
			name = Pods;
			sourceTree = "<group>";
		};
		EC4186481D459A1F00F4EBB6 = {
			isa = PBXGroup;
			children = (
				EC4186531D459A1F00F4EBB6 /* Unity */,
				EC4186521D459A1F00F4EBB6 /* Products */,
				EC9866981E0140DC00A07053 /* Frameworks */,
				D8C60BCFDC42C0EEE0409C97 /* Pods */,
			);
			sourceTree = "<group>";
		};
		EC4186521D459A1F00F4EBB6 /* Products */ = {
			isa = PBXGroup;
			children = (
				EC4186511D459A1F00F4EBB6 /* Unity.app */,
			);
			name = Products;
			sourceTree = "<group>";
		};
		EC4186531D459A1F00F4EBB6 /* Unity */ = {
			isa = PBXGroup;
			children = (
				EC9618CD1D582F1E00FF8F1E /* Headers.pch */,
				EC41866B1D459BD400F4EBB6 /* Unity */,
				EC4186571D459A1F00F4EBB6 /* AppDelegate.h */,
				EC4186581D459A1F00F4EBB6 /* AppDelegate.m */,
				ECAD41821E00D2B700C163CC /* RootViewController.h */,
				ECAD41831E00D2B700C163CC /* RootViewController.m */,
				EC9504661E971CA00061C73F /* CustomTableViewController.h */,
				EC9504671E971CA00061C73F /* CustomTableViewController.m */,
				EC36BCAE1DFF819F009BB5B0 /* ToViewController.h */,
				EC36BCAF1DFF819F009BB5B0 /* ToViewController.m */,
				EC41865D1D459A1F00F4EBB6 /* Main.storyboard */,
				EC9D132B1E963EB00006A8E8 /* 5.jpg */,
				EC4186601D459A1F00F4EBB6 /* Assets.xcassets */,
				EC4186621D459A1F00F4EBB6 /* LaunchScreen.storyboard */,
				EC4186651D459A1F00F4EBB6 /* Info.plist */,
				EC4186541D459A1F00F4EBB6 /* Supporting Files */,
			);
			path = Unity;
			sourceTree = "<group>";
		};
		EC4186541D459A1F00F4EBB6 /* Supporting Files */ = {
			isa = PBXGroup;
			children = (
				EC4186551D459A1F00F4EBB6 /* main.m */,
			);
			name = "Supporting Files";
			sourceTree = "<group>";
		};
		EC41866B1D459BD400F4EBB6 /* Unity */ = {
			isa = PBXGroup;
			children = (
				ECD376111F441BF5003BED5D /* Singleton.h */,
				EC41866C1D459BD400F4EBB6 /* UIColor+Hex.h */,
				EC41866D1D459BD400F4EBB6 /* UIColor+Hex.m */,
				EC41866E1D459BD400F4EBB6 /* UIView+AddFunc.h */,
				EC41866F1D459BD400F4EBB6 /* UIView+AddFunc.m */,
				EC4186721D459D4200F4EBB6 /* Encrypt.h */,
				EC4186731D459D4200F4EBB6 /* Encrypt.m */,
				ECAAC0D01DFEA80E004CFF36 /* TransitionManager.h */,
				ECAAC0D11DFEA80E004CFF36 /* TransitionManager.m */,
				EC061D731E816B96004394ED /* RefreshTableView.h */,
				EC061D741E816B96004394ED /* RefreshTableView.m */,
				EC061D761E816D1F004394ED /* ArchiveObj.h */,
				EC061D771E816D1F004394ED /* ArchiveObj.m */,
				EC9D13281E96360D0006A8E8 /* UIImageView+Scale.h */,
				EC9D13291E96360D0006A8E8 /* UIImageView+Scale.m */,
				ECE095041E9B51A50024FF6E /* UIAlertView+ActionBlock.h */,
				ECE095051E9B51A50024FF6E /* UIAlertView+ActionBlock.m */,
				ECFB07AE1F4AD37400965280 /* NSDate+XExtend.h */,
				ECFB07AF1F4AD37400965280 /* NSDate+XExtend.m */,
				EC2E596E1F4C2BF8007CF3B6 /* NSDate+Utilities.h */,
				EC2E596F1F4C2BF8007CF3B6 /* NSDate+Utilities.m */,
				ECFB07B11F4AD38800965280 /* NSString+XExtend.h */,
				ECFB07B21F4AD38800965280 /* NSString+XExtend.m */,
				ECFB07BC1F4ADB5700965280 /* NSString+RegExp.h */,
				ECFB07BD1F4ADB5700965280 /* NSString+RegExp.m */,
				ECFB07B91F4ADB1300965280 /* RegExp.h */,
				ECFB07BA1F4ADB1300965280 /* RegExp.m */,
			);
			path = Unity;
			sourceTree = "<group>";
		};
		EC9866981E0140DC00A07053 /* Frameworks */ = {
			isa = PBXGroup;
			children = (
				EC98669C1E01436100A07053 /* libiconv.2.dylib */,
				EC9866991E0140DC00A07053 /* libiconv.tbd */,
				B75E26973AF04F4F3FD5185E /* libPods-Unity.a */,
			);
			name = Frameworks;
			sourceTree = "<group>";
		};
/* End PBXGroup section */

/* Begin PBXNativeTarget section */
		EC4186501D459A1F00F4EBB6 /* Unity */ = {
			isa = PBXNativeTarget;
			buildConfigurationList = EC4186681D459A1F00F4EBB6 /* Build configuration list for PBXNativeTarget "Unity" */;
			buildPhases = (
				9A99E1F1044E2F076311840F /* [CP] Check Pods Manifest.lock */,
				EC41864D1D459A1F00F4EBB6 /* Sources */,
				EC41864E1D459A1F00F4EBB6 /* Frameworks */,
				EC41864F1D459A1F00F4EBB6 /* Resources */,
				9E9E9CA821C30F1389F0DDE6 /* [CP] Embed Pods Frameworks */,
				25B0B084724A78E528392497 /* [CP] Copy Pods Resources */,
			);
			buildRules = (
			);
			dependencies = (
			);
			name = Unity;
			productName = Unity;
			productReference = EC4186511D459A1F00F4EBB6 /* Unity.app */;
			productType = "com.apple.product-type.application";
		};
/* End PBXNativeTarget section */

/* Begin PBXProject section */
		EC4186491D459A1F00F4EBB6 /* Project object */ = {
			isa = PBXProject;
			attributes = {
				LastUpgradeCheck = 0730;
				ORGANIZATIONNAME = XXL;
				TargetAttributes = {
					EC4186501D459A1F00F4EBB6 = {
						CreatedOnToolsVersion = 7.3.1;
						DevelopmentTeam = 4H95452AGN;
					};
				};
			};
			buildConfigurationList = EC41864C1D459A1F00F4EBB6 /* Build configuration list for PBXProject "Unity" */;
			compatibilityVersion = "Xcode 3.2";
			developmentRegion = English;
			hasScannedForEncodings = 0;
			knownRegions = (
				en,
				Base,
			);
			mainGroup = EC4186481D459A1F00F4EBB6;
			productRefGroup = EC4186521D459A1F00F4EBB6 /* Products */;
			projectDirPath = "";
			projectRoot = "";
			targets = (
				EC4186501D459A1F00F4EBB6 /* Unity */,
			);
		};
/* End PBXProject section */

/* Begin PBXResourcesBuildPhase section */
		EC41864F1D459A1F00F4EBB6 /* Resources */ = {
			isa = PBXResourcesBuildPhase;
			buildActionMask = 2147483647;
			files = (
				EC4186641D459A1F00F4EBB6 /* LaunchScreen.storyboard in Resources */,
				EC9D132C1E963EB00006A8E8 /* 5.jpg in Resources */,
				EC4186611D459A1F00F4EBB6 /* Assets.xcassets in Resources */,
				EC41865F1D459A1F00F4EBB6 /* Main.storyboard in Resources */,
			);
			runOnlyForDeploymentPostprocessing = 0;
		};
/* End PBXResourcesBuildPhase section */

/* Begin PBXShellScriptBuildPhase section */
		25B0B084724A78E528392497 /* [CP] Copy Pods Resources */ = {
			isa = PBXShellScriptBuildPhase;
			buildActionMask = 2147483647;
			files = (
			);
			inputPaths = (
			);
			name = "[CP] Copy Pods Resources";
			outputPaths = (
			);
			runOnlyForDeploymentPostprocessing = 0;
			shellPath = /bin/sh;
			shellScript = "\"${SRCROOT}/Pods/Target Support Files/Pods-Unity/Pods-Unity-resources.sh\"\n";
			showEnvVarsInLog = 0;
		};
		9A99E1F1044E2F076311840F /* [CP] Check Pods Manifest.lock */ = {
			isa = PBXShellScriptBuildPhase;
			buildActionMask = 2147483647;
			files = (
			);
			inputPaths = (
			);
			name = "[CP] Check Pods Manifest.lock";
			outputPaths = (
			);
			runOnlyForDeploymentPostprocessing = 0;
			shellPath = /bin/sh;
			shellScript = "diff \"${PODS_ROOT}/../Podfile.lock\" \"${PODS_ROOT}/Manifest.lock\" > /dev/null\nif [ $? != 0 ] ; then\n    # print error to STDERR\n    echo \"error: The sandbox is not in sync with the Podfile.lock. Run 'pod install' or update your CocoaPods installation.\" >&2\n    exit 1\nfi\n";
			showEnvVarsInLog = 0;
		};
		9E9E9CA821C30F1389F0DDE6 /* [CP] Embed Pods Frameworks */ = {
			isa = PBXShellScriptBuildPhase;
			buildActionMask = 2147483647;
			files = (
			);
			inputPaths = (
			);
			name = "[CP] Embed Pods Frameworks";
			outputPaths = (
			);
			runOnlyForDeploymentPostprocessing = 0;
			shellPath = /bin/sh;
			shellScript = "\"${SRCROOT}/Pods/Target Support Files/Pods-Unity/Pods-Unity-frameworks.sh\"\n";
			showEnvVarsInLog = 0;
		};
/* End PBXShellScriptBuildPhase section */

/* Begin PBXSourcesBuildPhase section */
		EC41864D1D459A1F00F4EBB6 /* Sources */ = {
			isa = PBXSourcesBuildPhase;
			buildActionMask = 2147483647;
			files = (
				ECFB07B31F4AD38800965280 /* NSString+XExtend.m in Sources */,
				EC9504681E971CA00061C73F /* CustomTableViewController.m in Sources */,
				ECFB07BE1F4ADB5700965280 /* NSString+RegExp.m in Sources */,
				EC4186701D459BD400F4EBB6 /* UIColor+Hex.m in Sources */,
				ECFB07BB1F4ADB1300965280 /* RegExp.m in Sources */,
				EC4186591D459A1F00F4EBB6 /* AppDelegate.m in Sources */,
				EC061D751E816B96004394ED /* RefreshTableView.m in Sources */,
				ECAAC0D21DFEA80E004CFF36 /* TransitionManager.m in Sources */,
				EC061D781E816D1F004394ED /* ArchiveObj.m in Sources */,
				EC4186741D459D4200F4EBB6 /* Encrypt.m in Sources */,
				ECFB07B01F4AD37400965280 /* NSDate+XExtend.m in Sources */,
				EC2E59701F4C2BF8007CF3B6 /* NSDate+Utilities.m in Sources */,
				EC9D132A1E96360D0006A8E8 /* UIImageView+Scale.m in Sources */,
				ECE095061E9B51A50024FF6E /* UIAlertView+ActionBlock.m in Sources */,
				ECAD41841E00D2B700C163CC /* RootViewController.m in Sources */,
				EC4186561D459A1F00F4EBB6 /* main.m in Sources */,
				EC4186711D459BD400F4EBB6 /* UIView+AddFunc.m in Sources */,
				EC36BCB01DFF819F009BB5B0 /* ToViewController.m in Sources */,
			);
			runOnlyForDeploymentPostprocessing = 0;
		};
/* End PBXSourcesBuildPhase section */

/* Begin PBXVariantGroup section */
		EC41865D1D459A1F00F4EBB6 /* Main.storyboard */ = {
			isa = PBXVariantGroup;
			children = (
				EC41865E1D459A1F00F4EBB6 /* Base */,
			);
			name = Main.storyboard;
			sourceTree = "<group>";
		};
		EC4186621D459A1F00F4EBB6 /* LaunchScreen.storyboard */ = {
			isa = PBXVariantGroup;
			children = (
				EC4186631D459A1F00F4EBB6 /* Base */,
			);
			name = LaunchScreen.storyboard;
			sourceTree = "<group>";
		};
/* End PBXVariantGroup section */

/* Begin XCBuildConfiguration section */
		EC4186661D459A1F00F4EBB6 /* Debug */ = {
			isa = XCBuildConfiguration;
			buildSettings = {
				ALWAYS_SEARCH_USER_PATHS = NO;
				CLANG_ANALYZER_NONNULL = YES;
				CLANG_CXX_LANGUAGE_STANDARD = "gnu++0x";
				CLANG_CXX_LIBRARY = "libc++";
				CLANG_ENABLE_MODULES = YES;
				CLANG_ENABLE_OBJC_ARC = YES;
				CLANG_WARN_BOOL_CONVERSION = YES;
				CLANG_WARN_CONSTANT_CONVERSION = YES;
				CLANG_WARN_DIRECT_OBJC_ISA_USAGE = YES_ERROR;
				CLANG_WARN_EMPTY_BODY = YES;
				CLANG_WARN_ENUM_CONVERSION = YES;
				CLANG_WARN_INT_CONVERSION = YES;
				CLANG_WARN_OBJC_ROOT_CLASS = YES_ERROR;
				CLANG_WARN_UNREACHABLE_CODE = YES;
				CLANG_WARN__DUPLICATE_METHOD_MATCH = YES;
				"CODE_SIGN_IDENTITY[sdk=iphoneos*]" = "iPhone Developer";
				COPY_PHASE_STRIP = NO;
				DEBUG_INFORMATION_FORMAT = dwarf;
				ENABLE_STRICT_OBJC_MSGSEND = YES;
				ENABLE_TESTABILITY = YES;
				GCC_C_LANGUAGE_STANDARD = gnu99;
				GCC_DYNAMIC_NO_PIC = NO;
				GCC_NO_COMMON_BLOCKS = YES;
				GCC_OPTIMIZATION_LEVEL = 0;
				GCC_PREPROCESSOR_DEFINITIONS = (
					"DEBUG=1",
					"$(inherited)",
				);
				GCC_WARN_64_TO_32_BIT_CONVERSION = YES;
				GCC_WARN_ABOUT_RETURN_TYPE = YES_ERROR;
				GCC_WARN_UNDECLARED_SELECTOR = YES;
				GCC_WARN_UNINITIALIZED_AUTOS = YES_AGGRESSIVE;
				GCC_WARN_UNUSED_FUNCTION = YES;
				GCC_WARN_UNUSED_VARIABLE = YES;
				IPHONEOS_DEPLOYMENT_TARGET = 9.3;
				MTL_ENABLE_DEBUG_INFO = YES;
				ONLY_ACTIVE_ARCH = YES;
				SDKROOT = iphoneos;
				TARGETED_DEVICE_FAMILY = "1,2";
			};
			name = Debug;
		};
		EC4186671D459A1F00F4EBB6 /* Release */ = {
			isa = XCBuildConfiguration;
			buildSettings = {
				ALWAYS_SEARCH_USER_PATHS = NO;
				CLANG_ANALYZER_NONNULL = YES;
				CLANG_CXX_LANGUAGE_STANDARD = "gnu++0x";
				CLANG_CXX_LIBRARY = "libc++";
				CLANG_ENABLE_MODULES = YES;
				CLANG_ENABLE_OBJC_ARC = YES;
				CLANG_WARN_BOOL_CONVERSION = YES;
				CLANG_WARN_CONSTANT_CONVERSION = YES;
				CLANG_WARN_DIRECT_OBJC_ISA_USAGE = YES_ERROR;
				CLANG_WARN_EMPTY_BODY = YES;
				CLANG_WARN_ENUM_CONVERSION = YES;
				CLANG_WARN_INT_CONVERSION = YES;
				CLANG_WARN_OBJC_ROOT_CLASS = YES_ERROR;
				CLANG_WARN_UNREACHABLE_CODE = YES;
				CLANG_WARN__DUPLICATE_METHOD_MATCH = YES;
				"CODE_SIGN_IDENTITY[sdk=iphoneos*]" = "iPhone Developer";
				COPY_PHASE_STRIP = NO;
				DEBUG_INFORMATION_FORMAT = "dwarf-with-dsym";
				ENABLE_NS_ASSERTIONS = NO;
				ENABLE_STRICT_OBJC_MSGSEND = YES;
				GCC_C_LANGUAGE_STANDARD = gnu99;
				GCC_NO_COMMON_BLOCKS = YES;
				GCC_WARN_64_TO_32_BIT_CONVERSION = YES;
				GCC_WARN_ABOUT_RETURN_TYPE = YES_ERROR;
				GCC_WARN_UNDECLARED_SELECTOR = YES;
				GCC_WARN_UNINITIALIZED_AUTOS = YES_AGGRESSIVE;
				GCC_WARN_UNUSED_FUNCTION = YES;
				GCC_WARN_UNUSED_VARIABLE = YES;
				IPHONEOS_DEPLOYMENT_TARGET = 9.3;
				MTL_ENABLE_DEBUG_INFO = NO;
				SDKROOT = iphoneos;
				TARGETED_DEVICE_FAMILY = "1,2";
				VALIDATE_PRODUCT = YES;
			};
			name = Release;
		};
		EC4186691D459A1F00F4EBB6 /* Debug */ = {
			isa = XCBuildConfiguration;
			baseConfigurationReference = 5C6C4BCD174A3EB9946AB9E0 /* Pods-Unity.debug.xcconfig */;
			buildSettings = {
				ASSETCATALOG_COMPILER_APPICON_NAME = AppIcon;
				DEVELOPMENT_TEAM = 4H95452AGN;
				GCC_PRECOMPILE_PREFIX_HEADER = YES;
				GCC_PREFIX_HEADER = "$(SRCROOT)/Unity/Headers.pch";
				INFOPLIST_FILE = Unity/Info.plist;
				IPHONEOS_DEPLOYMENT_TARGET = 7.0;
				LD_RUNPATH_SEARCH_PATHS = "$(inherited) @executable_path/Frameworks";
				PRODUCT_BUNDLE_IDENTIFIER = com.xiexiaolong.Unity;
				PRODUCT_NAME = "$(TARGET_NAME)";
			};
			name = Debug;
		};
		EC41866A1D459A1F00F4EBB6 /* Release */ = {
			isa = XCBuildConfiguration;
			baseConfigurationReference = 77977C18C5D674B74F6A0FB0 /* Pods-Unity.release.xcconfig */;
			buildSettings = {
				ASSETCATALOG_COMPILER_APPICON_NAME = AppIcon;
				DEVELOPMENT_TEAM = 4H95452AGN;
				GCC_PRECOMPILE_PREFIX_HEADER = YES;
				GCC_PREFIX_HEADER = "$(SRCROOT)/Unity/Headers.pch";
				INFOPLIST_FILE = Unity/Info.plist;
				IPHONEOS_DEPLOYMENT_TARGET = 7.0;
				LD_RUNPATH_SEARCH_PATHS = "$(inherited) @executable_path/Frameworks";
				PRODUCT_BUNDLE_IDENTIFIER = com.xiexiaolong.Unity;
				PRODUCT_NAME = "$(TARGET_NAME)";
			};
			name = Release;
		};
/* End XCBuildConfiguration section */

/* Begin XCConfigurationList section */
		EC41864C1D459A1F00F4EBB6 /* Build configuration list for PBXProject "Unity" */ = {
			isa = XCConfigurationList;
			buildConfigurations = (
				EC4186661D459A1F00F4EBB6 /* Debug */,
				EC4186671D459A1F00F4EBB6 /* Release */,
			);
			defaultConfigurationIsVisible = 0;
			defaultConfigurationName = Release;
		};
		EC4186681D459A1F00F4EBB6 /* Build configuration list for PBXNativeTarget "Unity" */ = {
			isa = XCConfigurationList;
			buildConfigurations = (
				EC4186691D459A1F00F4EBB6 /* Debug */,
				EC41866A1D459A1F00F4EBB6 /* Release */,
			);
			defaultConfigurationIsVisible = 0;
			defaultConfigurationName = Release;
		};
/* End XCConfigurationList section */
	};
	rootObject = EC4186491D459A1F00F4EBB6 /* Project object */;
}
